{
    "_readme": [
        "This file locks the dependencies of your project to a known state",
        "Read more about it at https://getcomposer.org/doc/01-basic-usage.md#installing-dependencies",
        "This file is @generated automatically"
    ],
    "content-hash": "a444b75c442173196cdbd371ed345a79",
    "packages": [
        {
            "name": "maestroerror/heif-converter",
            "version": "0.2",
            "source": {
                "type": "git",
                "url": "https://github.com/MaestroError/heif-converter-image.git",
                "reference": "714f3e6c2c18f85ffe3495057874cb01ca89ce63"
            },
            "dist": {
                "type": "zip",
                "url": "https://api.github.com/repos/MaestroError/heif-converter-image/zipball/714f3e6c2c18f85ffe3495057874cb01ca89ce63",
                "reference": "714f3e6c2c18f85ffe3495057874cb01ca89ce63",
                "shasum": ""
            },
            "bin": [
                "bin/heif-converter-linux",
                "bin/heif-converter-windows",
                "bin/heif-converter-macos"
            ],
            "type": "library",
            "notification-url": "https://packagist.org/downloads/",
            "license": [
                "MIT"
            ],
            "authors": [
                {
                    "name": "maestroerror",
                    "email": "revaz.gh@gmail.com"
                }
            ],
            "description": "versatile command-line application, along with a Docker image, that offers an easy and efficient way to convert HEIC (and AVIF) images to other common formats like JPEG and PNG",
            "support": {
                "issues": "https://github.com/MaestroError/heif-converter-image/issues",
                "source": "https://github.com/MaestroError/heif-converter-image/tree/0.2"
            },
            "time": "2023-06-23T18:10:40+00:00"
        },
        {
            "name": "maestroerror/php-heic-to-jpg",
            "version": "v1.0.2",
            "source": {
                "type": "git",
                "url": "https://github.com/MaestroError/php-heic-to-jpg.git",
                "reference": "843a81f6e3395dd3c899125432fbd4cd4fceefc2"
            },
            "dist": {
                "type": "zip",
                "url": "https://api.github.com/repos/MaestroError/php-heic-to-jpg/zipball/843a81f6e3395dd3c899125432fbd4cd4fceefc2",
                "reference": "843a81f6e3395dd3c899125432fbd4cd4fceefc2",
                "shasum": ""
            },
            "require": {
                "maestroerror/heif-converter": "0.2"
            },
            "require-dev": {
                "pestphp/pest": "2.x-dev"
            },
            "bin": [
                "bin/heicToJpg",
                "bin/heicToJpgWin"
            ],
            "type": "library",
            "autoload": {
                "psr-4": {
                    "Maestroerror\\": "src/"
                }
            },
            "notification-url": "https://packagist.org/downloads/",
            "license": [
                "MIT"
            ],
            "authors": [
                {
                    "name": "maestroerror",
                    "email": "revaz.gh@gmail.com"
                }
            ],
            "description": "Converts HEIC/HEIF image to JPG type, without any dependencies",
            "support": {
                "issues": "https://github.com/MaestroError/php-heic-to-jpg/issues",
                "source": "https://github.com/MaestroError/php-heic-to-jpg/tree/v1.0.2"
            },
            "time": "2023-06-23T18:26:48+00:00"
        }
    ],
    "packages-dev": [],
    "aliases": [],
    "minimum-stability": "stable",
    "stability-flags": [],
    "prefer-stable": false,
    "prefer-lowest": false,
    "platform": [],
    "platform-dev": [],
    "plugin-api-version": "2.2.0"
}
